
Microsoft Visual Studio Solution File, Format Version 12.00
# Visual Studio Version 17
VisualStudioVersion = 17.0.32112.339
MinimumVisualStudioVersion = 10.0.40219.1
Project("{FAE04EC0-301F-11D3-BF4B-00C04F79EFBC}") = "DSAL-BinaryTree", "DSAL-BinaryTree\DSAL-BinaryTree.csproj", "{82B1A91E-4BBD-41B2-A94F-61FC834A2DD4}"
EndProject
Global
	GlobalSection(SolutionConfigurationPlatforms) = preSolution
		Debug|Any CPU = Debug|Any CPU
		Release|Any CPU = Release|Any CPU
	EndGlobalSection
	GlobalSection(ProjectConfigurationPlatforms) = postSolution
		{82B1A91E-4BBD-41B2-A94F-61FC834A2DD4}.Debug|Any CPU.ActiveCfg = Debug|Any CPU
		{82B1A91E-4BBD-41B2-A94F-61FC834A2DD4}.Debug|Any CPU.Build.0 = Debug|Any CPU
		{82B1A91E-4BBD-41B2-A94F-61FC834A2DD4}.Release|Any CPU.ActiveCfg = Release|Any CPU
		{82B1A91E-4BBD-41B2-A94F-61FC834A2DD4}.Release|Any CPU.Build.0 = Release|Any CPU
	EndGlobalSection
	GlobalSection(SolutionProperties) = preSolution
		HideSolutionNode = FALSE
	EndGlobalSection
	GlobalSection(ExtensibilityGlobals) = postSolution
		SolutionGuid = {D312DE33-CCD9-4948-B136-508BEFCFA5F8}
	EndGlobalSection
EndGlobal
